// !$*UTF8*$!
{
	archiveVersion = 1;
	classes = {
	};
	objectVersion = 51;
	objects = {

/* Begin PBXBuildFile section */
		1755A00D23632A39003ED476 /* ClockRequest.swift in Sources */ = {isa = PBXBuildFile; fileRef = 1755A00C23632A39003ED476 /* ClockRequest.swift */; };
		1755A00F23632A42003ED476 /* ClockService.swift in Sources */ = {isa = PBXBuildFile; fileRef = 1755A00E23632A42003ED476 /* ClockService.swift */; };
		1755A013236361AD003ED476 /* String+Extension.swift in Sources */ = {isa = PBXBuildFile; fileRef = 1755A012236361AD003ED476 /* String+Extension.swift */; };
		1755A01523638A9F003ED476 /* HelperTests.swift in Sources */ = {isa = PBXBuildFile; fileRef = 1755A01423638A9F003ED476 /* HelperTests.swift */; };
		179846B323624693008F8E0A /* AppDelegate.swift in Sources */ = {isa = PBXBuildFile; fileRef = 179846B223624693008F8E0A /* AppDelegate.swift */; };
		179846B523624693008F8E0A /* SceneDelegate.swift in Sources */ = {isa = PBXBuildFile; fileRef = 179846B423624693008F8E0A /* SceneDelegate.swift */; };
		179846B723624693008F8E0A /* ContentView.swift in Sources */ = {isa = PBXBuildFile; fileRef = 179846B623624693008F8E0A /* ContentView.swift */; };
		179846B923624698008F8E0A /* Assets.xcassets in Resources */ = {isa = PBXBuildFile; fileRef = 179846B823624698008F8E0A /* Assets.xcassets */; };
		179846BC23624698008F8E0A /* Preview Assets.xcassets in Resources */ = {isa = PBXBuildFile; fileRef = 179846BB23624698008F8E0A /* Preview Assets.xcassets */; };
		179846BF23624698008F8E0A /* LaunchScreen.storyboard in Resources */ = {isa = PBXBuildFile; fileRef = 179846BD23624698008F8E0A /* LaunchScreen.storyboard */; };
		179846D623624BC2008F8E0A /* TimeView.swift in Sources */ = {isa = PBXBuildFile; fileRef = 179846D523624BC2008F8E0A /* TimeView.swift */; };
		179846D82362514C008F8E0A /* LogView.swift in Sources */ = {isa = PBXBuildFile; fileRef = 179846D72362514C008F8E0A /* LogView.swift */; };
		179846DB236256F5008F8E0A /* AuditViewModel.swift in Sources */ = {isa = PBXBuildFile; fileRef = 179846DA236256F5008F8E0A /* AuditViewModel.swift */; };
		179846DE2362DDE3008F8E0A /* AuditService.swift in Sources */ = {isa = PBXBuildFile; fileRef = 179846DD2362DDE3008F8E0A /* AuditService.swift */; };
		179846E22362DEF1008F8E0A /* RequestHeader.swift in Sources */ = {isa = PBXBuildFile; fileRef = 179846E12362DEF1008F8E0A /* RequestHeader.swift */; };
		179846E42362E075008F8E0A /* Request.swift in Sources */ = {isa = PBXBuildFile; fileRef = 179846E32362E075008F8E0A /* Request.swift */; };
		179846E72362E226008F8E0A /* AuditRequest.swift in Sources */ = {isa = PBXBuildFile; fileRef = 179846E62362E226008F8E0A /* AuditRequest.swift */; };
		179846E92362E2DB008F8E0A /* RequestBody.swift in Sources */ = {isa = PBXBuildFile; fileRef = 179846E82362E2DB008F8E0A /* RequestBody.swift */; };
		179846EC2362E359008F8E0A /* SecurityWrapper.swift in Sources */ = {isa = PBXBuildFile; fileRef = 179846EB2362E359008F8E0A /* SecurityWrapper.swift */; };
		179846EE2362E3CC008F8E0A /* Constants.swift in Sources */ = {isa = PBXBuildFile; fileRef = 179846ED2362E3CC008F8E0A /* Constants.swift */; };
		179846F02362E72E008F8E0A /* SecurityWrapperTests.swift in Sources */ = {isa = PBXBuildFile; fileRef = 179846EF2362E72E008F8E0A /* SecurityWrapperTests.swift */; };
		179846F22362EEA4008F8E0A /* ServiceManager.swift in Sources */ = {isa = PBXBuildFile; fileRef = 179846F12362EEA4008F8E0A /* ServiceManager.swift */; };
		179846F42362EECD008F8E0A /* Result.swift in Sources */ = {isa = PBXBuildFile; fileRef = 179846F32362EECD008F8E0A /* Result.swift */; };
		17FD21CB236324B5007B4C43 /* AccessViewModel.swift in Sources */ = {isa = PBXBuildFile; fileRef = 17FD21CA236324B5007B4C43 /* AccessViewModel.swift */; };
		17FD21CF23632531007B4C43 /* AccessRequest.swift in Sources */ = {isa = PBXBuildFile; fileRef = 17FD21CE23632531007B4C43 /* AccessRequest.swift */; };
		17FD21D12363253B007B4C43 /* AccessService.swift in Sources */ = {isa = PBXBuildFile; fileRef = 17FD21D02363253B007B4C43 /* AccessService.swift */; };
		AD47443F168AD10E66D03EA0 /* Pods_Ninchat.framework in Frameworks */ = {isa = PBXBuildFile; fileRef = 645B49D6DCD102E09A1304AA /* Pods_Ninchat.framework */; };
		BD5930FF76C100DCE6859BC9 /* Pods_NinchatTests.framework in Frameworks */ = {isa = PBXBuildFile; fileRef = F96504E5EBC03C60340E71C0 /* Pods_NinchatTests.framework */; };
/* End PBXBuildFile section */

/* Begin PBXContainerItemProxy section */
		179846C623624699008F8E0A /* PBXContainerItemProxy */ = {
			isa = PBXContainerItemProxy;
			containerPortal = 179846A723624693008F8E0A /* Project object */;
			proxyType = 1;
			remoteGlobalIDString = 179846AE23624693008F8E0A;
			remoteInfo = Ninchat;
		};
/* End PBXContainerItemProxy section */

/* Begin PBXFileReference section */
		1755A00C23632A39003ED476 /* ClockRequest.swift */ = {isa = PBXFileReference; lastKnownFileType = sourcecode.swift; path = ClockRequest.swift; sourceTree = "<group>"; };
		1755A00E23632A42003ED476 /* ClockService.swift */ = {isa = PBXFileReference; lastKnownFileType = sourcecode.swift; path = ClockService.swift; sourceTree = "<group>"; };
		1755A012236361AD003ED476 /* String+Extension.swift */ = {isa = PBXFileReference; lastKnownFileType = sourcecode.swift; path = "String+Extension.swift"; sourceTree = "<group>"; };
		1755A01423638A9F003ED476 /* HelperTests.swift */ = {isa = PBXFileReference; lastKnownFileType = sourcecode.swift; path = HelperTests.swift; sourceTree = "<group>"; };
		179846AF23624693008F8E0A /* Ninchat.app */ = {isa = PBXFileReference; explicitFileType = wrapper.application; includeInIndex = 0; path = Ninchat.app; sourceTree = BUILT_PRODUCTS_DIR; };
		179846B223624693008F8E0A /* AppDelegate.swift */ = {isa = PBXFileReference; lastKnownFileType = sourcecode.swift; path = AppDelegate.swift; sourceTree = "<group>"; };
		179846B423624693008F8E0A /* SceneDelegate.swift */ = {isa = PBXFileReference; lastKnownFileType = sourcecode.swift; path = SceneDelegate.swift; sourceTree = "<group>"; };
		179846B623624693008F8E0A /* ContentView.swift */ = {isa = PBXFileReference; lastKnownFileType = sourcecode.swift; path = ContentView.swift; sourceTree = "<group>"; };
		179846B823624698008F8E0A /* Assets.xcassets */ = {isa = PBXFileReference; lastKnownFileType = folder.assetcatalog; path = Assets.xcassets; sourceTree = "<group>"; };
		179846BB23624698008F8E0A /* Preview Assets.xcassets */ = {isa = PBXFileReference; lastKnownFileType = folder.assetcatalog; path = "Preview Assets.xcassets"; sourceTree = "<group>"; };
		179846BE23624698008F8E0A /* Base */ = {isa = PBXFileReference; lastKnownFileType = file.storyboard; name = Base; path = Base.lproj/LaunchScreen.storyboard; sourceTree = "<group>"; };
		179846C023624698008F8E0A /* Info.plist */ = {isa = PBXFileReference; lastKnownFileType = text.plist.xml; path = Info.plist; sourceTree = "<group>"; };
		179846C523624699008F8E0A /* NinchatTests.xctest */ = {isa = PBXFileReference; explicitFileType = wrapper.cfbundle; includeInIndex = 0; path = NinchatTests.xctest; sourceTree = BUILT_PRODUCTS_DIR; };
		179846CB23624699008F8E0A /* Info.plist */ = {isa = PBXFileReference; lastKnownFileType = text.plist.xml; path = Info.plist; sourceTree = "<group>"; };
		179846D523624BC2008F8E0A /* TimeView.swift */ = {isa = PBXFileReference; lastKnownFileType = sourcecode.swift; path = TimeView.swift; sourceTree = "<group>"; };
		179846D72362514C008F8E0A /* LogView.swift */ = {isa = PBXFileReference; lastKnownFileType = sourcecode.swift; path = LogView.swift; sourceTree = "<group>"; };
		179846DA236256F5008F8E0A /* AuditViewModel.swift */ = {isa = PBXFileReference; lastKnownFileType = sourcecode.swift; path = AuditViewModel.swift; sourceTree = "<group>"; };
		179846DD2362DDE3008F8E0A /* AuditService.swift */ = {isa = PBXFileReference; lastKnownFileType = sourcecode.swift; path = AuditService.swift; sourceTree = "<group>"; };
		179846E12362DEF1008F8E0A /* RequestHeader.swift */ = {isa = PBXFileReference; lastKnownFileType = sourcecode.swift; path = RequestHeader.swift; sourceTree = "<group>"; };
		179846E32362E075008F8E0A /* Request.swift */ = {isa = PBXFileReference; lastKnownFileType = sourcecode.swift; path = Request.swift; sourceTree = "<group>"; };
		179846E62362E226008F8E0A /* AuditRequest.swift */ = {isa = PBXFileReference; lastKnownFileType = sourcecode.swift; path = AuditRequest.swift; sourceTree = "<group>"; };
		179846E82362E2DB008F8E0A /* RequestBody.swift */ = {isa = PBXFileReference; lastKnownFileType = sourcecode.swift; path = RequestBody.swift; sourceTree = "<group>"; };
		179846EB2362E359008F8E0A /* SecurityWrapper.swift */ = {isa = PBXFileReference; lastKnownFileType = sourcecode.swift; path = SecurityWrapper.swift; sourceTree = "<group>"; };
		179846ED2362E3CC008F8E0A /* Constants.swift */ = {isa = PBXFileReference; lastKnownFileType = sourcecode.swift; path = Constants.swift; sourceTree = "<group>"; };
		179846EF2362E72E008F8E0A /* SecurityWrapperTests.swift */ = {isa = PBXFileReference; lastKnownFileType = sourcecode.swift; path = SecurityWrapperTests.swift; sourceTree = "<group>"; };
		179846F12362EEA4008F8E0A /* ServiceManager.swift */ = {isa = PBXFileReference; lastKnownFileType = sourcecode.swift; path = ServiceManager.swift; sourceTree = "<group>"; };
		179846F32362EECD008F8E0A /* Result.swift */ = {isa = PBXFileReference; lastKnownFileType = sourcecode.swift; path = Result.swift; sourceTree = "<group>"; };
		17FD21CA236324B5007B4C43 /* AccessViewModel.swift */ = {isa = PBXFileReference; lastKnownFileType = sourcecode.swift; path = AccessViewModel.swift; sourceTree = "<group>"; };
		17FD21CE23632531007B4C43 /* AccessRequest.swift */ = {isa = PBXFileReference; lastKnownFileType = sourcecode.swift; path = AccessRequest.swift; sourceTree = "<group>"; };
		17FD21D02363253B007B4C43 /* AccessService.swift */ = {isa = PBXFileReference; lastKnownFileType = sourcecode.swift; path = AccessService.swift; sourceTree = "<group>"; };
		645B49D6DCD102E09A1304AA /* Pods_Ninchat.framework */ = {isa = PBXFileReference; explicitFileType = wrapper.framework; includeInIndex = 0; path = Pods_Ninchat.framework; sourceTree = BUILT_PRODUCTS_DIR; };
		8BBC4DA12CCE31EB66881CF1 /* Pods-NinchatTests.debug.xcconfig */ = {isa = PBXFileReference; includeInIndex = 1; lastKnownFileType = text.xcconfig; name = "Pods-NinchatTests.debug.xcconfig"; path = "Target Support Files/Pods-NinchatTests/Pods-NinchatTests.debug.xcconfig"; sourceTree = "<group>"; };
		A20624ABB53878A3C19AE2DA /* Pods-Ninchat.release.xcconfig */ = {isa = PBXFileReference; includeInIndex = 1; lastKnownFileType = text.xcconfig; name = "Pods-Ninchat.release.xcconfig"; path = "Target Support Files/Pods-Ninchat/Pods-Ninchat.release.xcconfig"; sourceTree = "<group>"; };
		A896706ACCEB58263D4F3A85 /* Pods-NinchatTests.release.xcconfig */ = {isa = PBXFileReference; includeInIndex = 1; lastKnownFileType = text.xcconfig; name = "Pods-NinchatTests.release.xcconfig"; path = "Target Support Files/Pods-NinchatTests/Pods-NinchatTests.release.xcconfig"; sourceTree = "<group>"; };
		B4DF41E1C5323549DF948C1D /* Pods-Ninchat.debug.xcconfig */ = {isa = PBXFileReference; includeInIndex = 1; lastKnownFileType = text.xcconfig; name = "Pods-Ninchat.debug.xcconfig"; path = "Target Support Files/Pods-Ninchat/Pods-Ninchat.debug.xcconfig"; sourceTree = "<group>"; };
		F96504E5EBC03C60340E71C0 /* Pods_NinchatTests.framework */ = {isa = PBXFileReference; explicitFileType = wrapper.framework; includeInIndex = 0; path = Pods_NinchatTests.framework; sourceTree = BUILT_PRODUCTS_DIR; };
/* End PBXFileReference section */

/* Begin PBXFrameworksBuildPhase section */
		179846AC23624693008F8E0A /* Frameworks */ = {
			isa = PBXFrameworksBuildPhase;
			buildActionMask = 2147483647;
			files = (
				AD47443F168AD10E66D03EA0 /* Pods_Ninchat.framework in Frameworks */,
			);
			runOnlyForDeploymentPostprocessing = 0;
		};
		179846C223624699008F8E0A /* Frameworks */ = {
			isa = PBXFrameworksBuildPhase;
			buildActionMask = 2147483647;
			files = (
				BD5930FF76C100DCE6859BC9 /* Pods_NinchatTests.framework in Frameworks */,
			);
			runOnlyForDeploymentPostprocessing = 0;
		};
/* End PBXFrameworksBuildPhase section */

/* Begin PBXGroup section */
		0497095B73BE5D318F77DA29 /* Frameworks */ = {
			isa = PBXGroup;
			children = (
				645B49D6DCD102E09A1304AA /* Pods_Ninchat.framework */,
				F96504E5EBC03C60340E71C0 /* Pods_NinchatTests.framework */,
			);
			name = Frameworks;
			sourceTree = "<group>";
		};
		179846A623624693008F8E0A = {
			isa = PBXGroup;
			children = (
				179846B123624693008F8E0A /* Ninchat */,
				179846C823624699008F8E0A /* NinchatTests */,
				179846B023624693008F8E0A /* Products */,
				32746498BFFCFE3CF835D47E /* Pods */,
				0497095B73BE5D318F77DA29 /* Frameworks */,
			);
			sourceTree = "<group>";
		};
		179846B023624693008F8E0A /* Products */ = {
			isa = PBXGroup;
			children = (
				179846AF23624693008F8E0A /* Ninchat.app */,
				179846C523624699008F8E0A /* NinchatTests.xctest */,
			);
			name = Products;
			sourceTree = "<group>";
		};
		179846B123624693008F8E0A /* Ninchat */ = {
			isa = PBXGroup;
			children = (
				179846B223624693008F8E0A /* AppDelegate.swift */,
				179846B423624693008F8E0A /* SceneDelegate.swift */,
				179846EA2362E33B008F8E0A /* Helper */,
				179846DC2362DDBC008F8E0A /* Networking */,
				179846D9236253D1008F8E0A /* ViewModel */,
				179846D423624BA7008F8E0A /* View */,
				179846B823624698008F8E0A /* Assets.xcassets */,
				179846BD23624698008F8E0A /* LaunchScreen.storyboard */,
				179846C023624698008F8E0A /* Info.plist */,
				179846BA23624698008F8E0A /* Preview Content */,
			);
			path = Ninchat;
			sourceTree = "<group>";
		};
		179846BA23624698008F8E0A /* Preview Content */ = {
			isa = PBXGroup;
			children = (
				179846BB23624698008F8E0A /* Preview Assets.xcassets */,
			);
			path = "Preview Content";
			sourceTree = "<group>";
		};
		179846C823624699008F8E0A /* NinchatTests */ = {
			isa = PBXGroup;
			children = (
				179846EF2362E72E008F8E0A /* SecurityWrapperTests.swift */,
				1755A01423638A9F003ED476 /* HelperTests.swift */,
				179846CB23624699008F8E0A /* Info.plist */,
			);
			path = NinchatTests;
			sourceTree = "<group>";
		};
		179846D423624BA7008F8E0A /* View */ = {
			isa = PBXGroup;
			children = (
				179846D523624BC2008F8E0A /* TimeView.swift */,
				179846D72362514C008F8E0A /* LogView.swift */,
				179846B623624693008F8E0A /* ContentView.swift */,
			);
			path = View;
			sourceTree = "<group>";
		};
		179846D9236253D1008F8E0A /* ViewModel */ = {
			isa = PBXGroup;
			children = (
				179846DA236256F5008F8E0A /* AuditViewModel.swift */,
				17FD21CA236324B5007B4C43 /* AccessViewModel.swift */,
			);
			path = ViewModel;
			sourceTree = "<group>";
		};
		179846DC2362DDBC008F8E0A /* Networking */ = {
			isa = PBXGroup;
			children = (
				179846E02362DE42008F8E0A /* Request */,
				179846DF2362DE2A008F8E0A /* Service */,
				179846F32362EECD008F8E0A /* Result.swift */,
				179846F12362EEA4008F8E0A /* ServiceManager.swift */,
			);
			path = Networking;
			sourceTree = "<group>";
		};
		179846DF2362DE2A008F8E0A /* Service */ = {
			isa = PBXGroup;
			children = (
				17FD21CC23632511007B4C43 /* Access */,
				17FD21CD23632519007B4C43 /* Clock */,
				179846E52362E1EA008F8E0A /* Audit */,
			);
			path = Service;
			sourceTree = "<group>";
		};
		179846E02362DE42008F8E0A /* Request */ = {
			isa = PBXGroup;
			children = (
				179846E12362DEF1008F8E0A /* RequestHeader.swift */,
				179846E82362E2DB008F8E0A /* RequestBody.swift */,
				179846E32362E075008F8E0A /* Request.swift */,
			);
			path = Request;
			sourceTree = "<group>";
		};
		179846E52362E1EA008F8E0A /* Audit */ = {
			isa = PBXGroup;
			children = (
				179846E62362E226008F8E0A /* AuditRequest.swift */,
				179846DD2362DDE3008F8E0A /* AuditService.swift */,
			);
			path = Audit;
			sourceTree = "<group>";
		};
		179846EA2362E33B008F8E0A /* Helper */ = {
			isa = PBXGroup;
			children = (
				179846ED2362E3CC008F8E0A /* Constants.swift */,
				179846EB2362E359008F8E0A /* SecurityWrapper.swift */,
				1755A012236361AD003ED476 /* String+Extension.swift */,
			);
			path = Helper;
			sourceTree = "<group>";
		};
		17FD21CC23632511007B4C43 /* Access */ = {
			isa = PBXGroup;
			children = (
				17FD21CE23632531007B4C43 /* AccessRequest.swift */,
				17FD21D02363253B007B4C43 /* AccessService.swift */,
			);
			path = Access;
			sourceTree = "<group>";
		};
		17FD21CD23632519007B4C43 /* Clock */ = {
			isa = PBXGroup;
			children = (
				1755A00C23632A39003ED476 /* ClockRequest.swift */,
				1755A00E23632A42003ED476 /* ClockService.swift */,
			);
			path = Clock;
			sourceTree = "<group>";
		};
		32746498BFFCFE3CF835D47E /* Pods */ = {
			isa = PBXGroup;
			children = (
				B4DF41E1C5323549DF948C1D /* Pods-Ninchat.debug.xcconfig */,
				A20624ABB53878A3C19AE2DA /* Pods-Ninchat.release.xcconfig */,
				8BBC4DA12CCE31EB66881CF1 /* Pods-NinchatTests.debug.xcconfig */,
				A896706ACCEB58263D4F3A85 /* Pods-NinchatTests.release.xcconfig */,
			);
			path = Pods;
			sourceTree = "<group>";
		};
/* End PBXGroup section */

/* Begin PBXNativeTarget section */
		179846AE23624693008F8E0A /* Ninchat */ = {
			isa = PBXNativeTarget;
			buildConfigurationList = 179846CE23624699008F8E0A /* Build configuration list for PBXNativeTarget "Ninchat" */;
			buildPhases = (
				1BFE1D8B6C5026FE29E7094E /* [CP] Check Pods Manifest.lock */,
				179846AB23624693008F8E0A /* Sources */,
				179846AC23624693008F8E0A /* Frameworks */,
				179846AD23624693008F8E0A /* Resources */,
				4B2CED8EC81BBE00E4F42C54 /* [CP] Embed Pods Frameworks */,
			);
			buildRules = (
			);
			dependencies = (
			);
			name = Ninchat;
			productName = Ninchat;
			productReference = 179846AF23624693008F8E0A /* Ninchat.app */;
			productType = "com.apple.product-type.application";
		};
		179846C423624699008F8E0A /* NinchatTests */ = {
			isa = PBXNativeTarget;
			buildConfigurationList = 179846D123624699008F8E0A /* Build configuration list for PBXNativeTarget "NinchatTests" */;
			buildPhases = (
				7ED2A5A63FD60E16FBCA0D75 /* [CP] Check Pods Manifest.lock */,
				179846C123624699008F8E0A /* Sources */,
				179846C223624699008F8E0A /* Frameworks */,
				179846C323624699008F8E0A /* Resources */,
			);
			buildRules = (
			);
			dependencies = (
				179846C723624699008F8E0A /* PBXTargetDependency */,
			);
			name = NinchatTests;
			productName = NinchatTests;
			productReference = 179846C523624699008F8E0A /* NinchatTests.xctest */;
			productType = "com.apple.product-type.bundle.unit-test";
		};
/* End PBXNativeTarget section */

/* Begin PBXProject section */
		179846A723624693008F8E0A /* Project object */ = {
			isa = PBXProject;
			attributes = {
				LastSwiftUpdateCheck = 1100;
				LastUpgradeCheck = 1100;
				ORGANIZATIONNAME = Hassaniiii;
				TargetAttributes = {
					179846AE23624693008F8E0A = {
						CreatedOnToolsVersion = 11.0;
					};
					179846C423624699008F8E0A = {
						CreatedOnToolsVersion = 11.0;
						LastSwiftMigration = 1100;
						TestTargetID = 179846AE23624693008F8E0A;
					};
				};
			};
			buildConfigurationList = 179846AA23624693008F8E0A /* Build configuration list for PBXProject "Ninchat" */;
			compatibilityVersion = "Xcode 9.3";
			developmentRegion = en;
			hasScannedForEncodings = 0;
			knownRegions = (
				en,
				Base,
			);
			mainGroup = 179846A623624693008F8E0A;
			productRefGroup = 179846B023624693008F8E0A /* Products */;
			projectDirPath = "";
			projectRoot = "";
			targets = (
				179846AE23624693008F8E0A /* Ninchat */,
				179846C423624699008F8E0A /* NinchatTests */,
			);
		};
/* End PBXProject section */

/* Begin PBXResourcesBuildPhase section */
		179846AD23624693008F8E0A /* Resources */ = {
			isa = PBXResourcesBuildPhase;
			buildActionMask = 2147483647;
			files = (
				179846BF23624698008F8E0A /* LaunchScreen.storyboard in Resources */,
				179846BC23624698008F8E0A /* Preview Assets.xcassets in Resources */,
				179846B923624698008F8E0A /* Assets.xcassets in Resources */,
			);
			runOnlyForDeploymentPostprocessing = 0;
		};
		179846C323624699008F8E0A /* Resources */ = {
			isa = PBXResourcesBuildPhase;
			buildActionMask = 2147483647;
			files = (
			);
			runOnlyForDeploymentPostprocessing = 0;
		};
/* End PBXResourcesBuildPhase section */

/* Begin PBXShellScriptBuildPhase section */
		1BFE1D8B6C5026FE29E7094E /* [CP] Check Pods Manifest.lock */ = {
			isa = PBXShellScriptBuildPhase;
			buildActionMask = 2147483647;
			files = (
			);
			inputFileListPaths = (
			);
			inputPaths = (
				"${PODS_PODFILE_DIR_PATH}/Podfile.lock",
				"${PODS_ROOT}/Manifest.lock",
			);
			name = "[CP] Check Pods Manifest.lock";
			outputFileListPaths = (
			);
			outputPaths = (
				"$(DERIVED_FILE_DIR)/Pods-Ninchat-checkManifestLockResult.txt",
			);
			runOnlyForDeploymentPostprocessing = 0;
			shellPath = /bin/sh;
			shellScript = "diff \"${PODS_PODFILE_DIR_PATH}/Podfile.lock\" \"${PODS_ROOT}/Manifest.lock\" > /dev/null\nif [ $? != 0 ] ; then\n    # print error to STDERR\n    echo \"error: The sandbox is not in sync with the Podfile.lock. Run 'pod install' or update your CocoaPods installation.\" >&2\n    exit 1\nfi\n# This output is used by Xcode 'outputs' to avoid re-running this script phase.\necho \"SUCCESS\" > \"${SCRIPT_OUTPUT_FILE_0}\"\n";
			showEnvVarsInLog = 0;
		};
		4B2CED8EC81BBE00E4F42C54 /* [CP] Embed Pods Frameworks */ = {
			isa = PBXShellScriptBuildPhase;
			buildActionMask = 2147483647;
			files = (
			);
			inputFileListPaths = (
				"${PODS_ROOT}/Target Support Files/Pods-Ninchat/Pods-Ninchat-frameworks-${CONFIGURATION}-input-files.xcfilelist",
			);
			name = "[CP] Embed Pods Frameworks";
			outputFileListPaths = (
				"${PODS_ROOT}/Target Support Files/Pods-Ninchat/Pods-Ninchat-frameworks-${CONFIGURATION}-output-files.xcfilelist",
			);
			runOnlyForDeploymentPostprocessing = 0;
			shellPath = /bin/sh;
			shellScript = "\"${PODS_ROOT}/Target Support Files/Pods-Ninchat/Pods-Ninchat-frameworks.sh\"\n";
			showEnvVarsInLog = 0;
		};
		7ED2A5A63FD60E16FBCA0D75 /* [CP] Check Pods Manifest.lock */ = {
			isa = PBXShellScriptBuildPhase;
			buildActionMask = 2147483647;
			files = (
			);
			inputFileListPaths = (
			);
			inputPaths = (
				"${PODS_PODFILE_DIR_PATH}/Podfile.lock",
				"${PODS_ROOT}/Manifest.lock",
			);
			name = "[CP] Check Pods Manifest.lock";
			outputFileListPaths = (
			);
			outputPaths = (
				"$(DERIVED_FILE_DIR)/Pods-NinchatTests-checkManifestLockResult.txt",
			);
			runOnlyForDeploymentPostprocessing = 0;
			shellPath = /bin/sh;
			shellScript = "diff \"${PODS_PODFILE_DIR_PATH}/Podfile.lock\" \"${PODS_ROOT}/Manifest.lock\" > /dev/null\nif [ $? != 0 ] ; then\n    # print error to STDERR\n    echo \"error: The sandbox is not in sync with the Podfile.lock. Run 'pod install' or update your CocoaPods installation.\" >&2\n    exit 1\nfi\n# This output is used by Xcode 'outputs' to avoid re-running this script phase.\necho \"SUCCESS\" > \"${SCRIPT_OUTPUT_FILE_0}\"\n";
			showEnvVarsInLog = 0;
		};
/* End PBXShellScriptBuildPhase section */

/* Begin PBXSourcesBuildPhase section */
		179846AB23624693008F8E0A /* Sources */ = {
			isa = PBXSourcesBuildPhase;
			buildActionMask = 2147483647;
			files = (
				1755A00F23632A42003ED476 /* ClockService.swift in Sources */,
				179846E22362DEF1008F8E0A /* RequestHeader.swift in Sources */,
				179846EC2362E359008F8E0A /* SecurityWrapper.swift in Sources */,
				179846E72362E226008F8E0A /* AuditRequest.swift in Sources */,
				179846B323624693008F8E0A /* AppDelegate.swift in Sources */,
				17FD21CB236324B5007B4C43 /* AccessViewModel.swift in Sources */,
				179846B523624693008F8E0A /* SceneDelegate.swift in Sources */,
				179846F22362EEA4008F8E0A /* ServiceManager.swift in Sources */,
				179846F42362EECD008F8E0A /* Result.swift in Sources */,
				179846B723624693008F8E0A /* ContentView.swift in Sources */,
				179846D82362514C008F8E0A /* LogView.swift in Sources */,
				1755A013236361AD003ED476 /* String+Extension.swift in Sources */,
				17FD21D12363253B007B4C43 /* AccessService.swift in Sources */,
				179846EE2362E3CC008F8E0A /* Constants.swift in Sources */,
				179846DB236256F5008F8E0A /* AuditViewModel.swift in Sources */,
				179846D623624BC2008F8E0A /* TimeView.swift in Sources */,
				179846E42362E075008F8E0A /* Request.swift in Sources */,
				179846DE2362DDE3008F8E0A /* AuditService.swift in Sources */,
				179846E92362E2DB008F8E0A /* RequestBody.swift in Sources */,
				17FD21CF23632531007B4C43 /* AccessRequest.swift in Sources */,
				1755A00D23632A39003ED476 /* ClockRequest.swift in Sources */,
			);
			runOnlyForDeploymentPostprocessing = 0;
		};
		179846C123624699008F8E0A /* Sources */ = {
			isa = PBXSourcesBuildPhase;
			buildActionMask = 2147483647;
			files = (
				179846F02362E72E008F8E0A /* SecurityWrapperTests.swift in Sources */,
				1755A01523638A9F003ED476 /* HelperTests.swift in Sources */,
			);
			runOnlyForDeploymentPostprocessing = 0;
		};
/* End PBXSourcesBuildPhase section */

/* Begin PBXTargetDependency section */
		179846C723624699008F8E0A /* PBXTargetDependency */ = {
			isa = PBXTargetDependency;
			target = 179846AE23624693008F8E0A /* Ninchat */;
			targetProxy = 179846C623624699008F8E0A /* PBXContainerItemProxy */;
		};
/* End PBXTargetDependency section */

/* Begin PBXVariantGroup section */
		179846BD23624698008F8E0A /* LaunchScreen.storyboard */ = {
			isa = PBXVariantGroup;
			children = (
				179846BE23624698008F8E0A /* Base */,
			);
			name = LaunchScreen.storyboard;
			sourceTree = "<group>";
		};
/* End PBXVariantGroup section */

/* Begin XCBuildConfiguration section */
		179846CC23624699008F8E0A /* Debug */ = {
			isa = XCBuildConfiguration;
			buildSettings = {
				ALWAYS_SEARCH_USER_PATHS = NO;
				CLANG_ANALYZER_NONNULL = YES;
				CLANG_ANALYZER_NUMBER_OBJECT_CONVERSION = YES_AGGRESSIVE;
				CLANG_CXX_LANGUAGE_STANDARD = "gnu++14";
				CLANG_CXX_LIBRARY = "libc++";
				CLANG_ENABLE_MODULES = YES;
				CLANG_ENABLE_OBJC_ARC = YES;
				CLANG_ENABLE_OBJC_WEAK = YES;
				CLANG_WARN_BLOCK_CAPTURE_AUTORELEASING = YES;
				CLANG_WARN_BOOL_CONVERSION = YES;
				CLANG_WARN_COMMA = YES;
				CLANG_WARN_CONSTANT_CONVERSION = YES;
				CLANG_WARN_DEPRECATED_OBJC_IMPLEMENTATIONS = YES;
				CLANG_WARN_DIRECT_OBJC_ISA_USAGE = YES_ERROR;
				CLANG_WARN_DOCUMENTATION_COMMENTS = YES;
				CLANG_WARN_EMPTY_BODY = YES;
				CLANG_WARN_ENUM_CONVERSION = YES;
				CLANG_WARN_INFINITE_RECURSION = YES;
				CLANG_WARN_INT_CONVERSION = YES;
				CLANG_WARN_NON_LITERAL_NULL_CONVERSION = YES;
				CLANG_WARN_OBJC_IMPLICIT_RETAIN_SELF = YES;
				CLANG_WARN_OBJC_LITERAL_CONVERSION = YES;
				CLANG_WARN_OBJC_ROOT_CLASS = YES_ERROR;
				CLANG_WARN_RANGE_LOOP_ANALYSIS = YES;
				CLANG_WARN_STRICT_PROTOTYPES = YES;
				CLANG_WARN_SUSPICIOUS_MOVE = YES;
				CLANG_WARN_UNGUARDED_AVAILABILITY = YES_AGGRESSIVE;
				CLANG_WARN_UNREACHABLE_CODE = YES;
				CLANG_WARN__DUPLICATE_METHOD_MATCH = YES;
				COPY_PHASE_STRIP = NO;
				DEBUG_INFORMATION_FORMAT = dwarf;
				ENABLE_STRICT_OBJC_MSGSEND = YES;
				ENABLE_TESTABILITY = YES;
				GCC_C_LANGUAGE_STANDARD = gnu11;
				GCC_DYNAMIC_NO_PIC = NO;
				GCC_NO_COMMON_BLOCKS = YES;
				GCC_OPTIMIZATION_LEVEL = 0;
				GCC_PREPROCESSOR_DEFINITIONS = (
					"DEBUG=1",
					"$(inherited)",
				);
				GCC_WARN_64_TO_32_BIT_CONVERSION = YES;
				GCC_WARN_ABOUT_RETURN_TYPE = YES_ERROR;
				GCC_WARN_UNDECLARED_SELECTOR = YES;
				GCC_WARN_UNINITIALIZED_AUTOS = YES_AGGRESSIVE;
				GCC_WARN_UNUSED_FUNCTION = YES;
				GCC_WARN_UNUSED_VARIABLE = YES;
				IPHONEOS_DEPLOYMENT_TARGET = 13.0;
				MTL_ENABLE_DEBUG_INFO = INCLUDE_SOURCE;
				MTL_FAST_MATH = YES;
				ONLY_ACTIVE_ARCH = YES;
				SDKROOT = iphoneos;
				SWIFT_ACTIVE_COMPILATION_CONDITIONS = DEBUG;
				SWIFT_OPTIMIZATION_LEVEL = "-Onone";
			};
			name = Debug;
		};
		179846CD23624699008F8E0A /* Release */ = {
			isa = XCBuildConfiguration;
			buildSettings = {
				ALWAYS_SEARCH_USER_PATHS = NO;
				CLANG_ANALYZER_NONNULL = YES;
				CLANG_ANALYZER_NUMBER_OBJECT_CONVERSION = YES_AGGRESSIVE;
				CLANG_CXX_LANGUAGE_STANDARD = "gnu++14";
				CLANG_CXX_LIBRARY = "libc++";
				CLANG_ENABLE_MODULES = YES;
				CLANG_ENABLE_OBJC_ARC = YES;
				CLANG_ENABLE_OBJC_WEAK = YES;
				CLANG_WARN_BLOCK_CAPTURE_AUTORELEASING = YES;
				CLANG_WARN_BOOL_CONVERSION = YES;
				CLANG_WARN_COMMA = YES;
				CLANG_WARN_CONSTANT_CONVERSION = YES;
				CLANG_WARN_DEPRECATED_OBJC_IMPLEMENTATIONS = YES;
				CLANG_WARN_DIRECT_OBJC_ISA_USAGE = YES_ERROR;
				CLANG_WARN_DOCUMENTATION_COMMENTS = YES;
				CLANG_WARN_EMPTY_BODY = YES;
				CLANG_WARN_ENUM_CONVERSION = YES;
				CLANG_WARN_INFINITE_RECURSION = YES;
				CLANG_WARN_INT_CONVERSION = YES;
				CLANG_WARN_NON_LITERAL_NULL_CONVERSION = YES;
				CLANG_WARN_OBJC_IMPLICIT_RETAIN_SELF = YES;
				CLANG_WARN_OBJC_LITERAL_CONVERSION = YES;
				CLANG_WARN_OBJC_ROOT_CLASS = YES_ERROR;
				CLANG_WARN_RANGE_LOOP_ANALYSIS = YES;
				CLANG_WARN_STRICT_PROTOTYPES = YES;
				CLANG_WARN_SUSPICIOUS_MOVE = YES;
				CLANG_WARN_UNGUARDED_AVAILABILITY = YES_AGGRESSIVE;
				CLANG_WARN_UNREACHABLE_CODE = YES;
				CLANG_WARN__DUPLICATE_METHOD_MATCH = YES;
				COPY_PHASE_STRIP = NO;
				DEBUG_INFORMATION_FORMAT = "dwarf-with-dsym";
				ENABLE_NS_ASSERTIONS = NO;
				ENABLE_STRICT_OBJC_MSGSEND = YES;
				GCC_C_LANGUAGE_STANDARD = gnu11;
				GCC_NO_COMMON_BLOCKS = YES;
				GCC_WARN_64_TO_32_BIT_CONVERSION = YES;
				GCC_WARN_ABOUT_RETURN_TYPE = YES_ERROR;
				GCC_WARN_UNDECLARED_SELECTOR = YES;
				GCC_WARN_UNINITIALIZED_AUTOS = YES_AGGRESSIVE;
				GCC_WARN_UNUSED_FUNCTION = YES;
				GCC_WARN_UNUSED_VARIABLE = YES;
				IPHONEOS_DEPLOYMENT_TARGET = 13.0;
				MTL_ENABLE_DEBUG_INFO = NO;
				MTL_FAST_MATH = YES;
				SDKROOT = iphoneos;
				SWIFT_COMPILATION_MODE = wholemodule;
				SWIFT_OPTIMIZATION_LEVEL = "-O";
				VALIDATE_PRODUCT = YES;
			};
			name = Release;
		};
		179846CF23624699008F8E0A /* Debug */ = {
			isa = XCBuildConfiguration;
			baseConfigurationReference = B4DF41E1C5323549DF948C1D /* Pods-Ninchat.debug.xcconfig */;
			buildSettings = {
				ASSETCATALOG_COMPILER_APPICON_NAME = AppIcon;
				CODE_SIGN_STYLE = Automatic;
				DEVELOPMENT_ASSET_PATHS = "\"Ninchat/Preview Content\"";
				DEVELOPMENT_TEAM = M4M4845P22;
				ENABLE_PREVIEWS = YES;
				INFOPLIST_FILE = Ninchat/Info.plist;
				LD_RUNPATH_SEARCH_PATHS = (
					"$(inherited)",
					"@executable_path/Frameworks",
				);
				PRODUCT_BUNDLE_IDENTIFIER = com.hassaniiii.Ninchat;
				PRODUCT_NAME = "$(TARGET_NAME)";
				SWIFT_VERSION = 5.0;
				TARGETED_DEVICE_FAMILY = "1,2";
			};
			name = Debug;
		};
		179846D023624699008F8E0A /* Release */ = {
			isa = XCBuildConfiguration;
			baseConfigurationReference = A20624ABB53878A3C19AE2DA /* Pods-Ninchat.release.xcconfig */;
			buildSettings = {
				ASSETCATALOG_COMPILER_APPICON_NAME = AppIcon;
				CODE_SIGN_STYLE = Automatic;
				DEVELOPMENT_ASSET_PATHS = "\"Ninchat/Preview Content\"";
				DEVELOPMENT_TEAM = M4M4845P22;
				ENABLE_PREVIEWS = YES;
				INFOPLIST_FILE = Ninchat/Info.plist;
				LD_RUNPATH_SEARCH_PATHS = (
					"$(inherited)",
					"@executable_path/Frameworks",
				);
				PRODUCT_BUNDLE_IDENTIFIER = com.hassaniiii.Ninchat;
				PRODUCT_NAME = "$(TARGET_NAME)";
				SWIFT_VERSION = 5.0;
				TARGETED_DEVICE_FAMILY = "1,2";
			};
			name = Release;
		};
		179846D223624699008F8E0A /* Debug */ = {
			isa = XCBuildConfiguration;
			baseConfigurationReference = 8BBC4DA12CCE31EB66881CF1 /* Pods-NinchatTests.debug.xcconfig */;
			buildSettings = {
				ALWAYS_EMBED_SWIFT_STANDARD_LIBRARIES = YES;
				BUNDLE_LOADER = "$(TEST_HOST)";
				CLANG_ENABLE_MODULES = YES;
				CODE_SIGN_STYLE = Automatic;
				DEVELOPMENT_TEAM = M4M4845P22;
				INFOPLIST_FILE = NinchatTests/Info.plist;
				IPHONEOS_DEPLOYMENT_TARGET = 13.0;
				LD_RUNPATH_SEARCH_PATHS = (
					"$(inherited)",
					"@executable_path/Frameworks",
					"@loader_path/Frameworks",
				);
				PRODUCT_BUNDLE_IDENTIFIER = com.hassaniiii.NinchatTests;
				PRODUCT_NAME = "$(TARGET_NAME)";
				SWIFT_OPTIMIZATION_LEVEL = "-Onone";
				SWIFT_VERSION = 5.0;
				TARGETED_DEVICE_FAMILY = "1,2";
				TEST_HOST = "$(BUILT_PRODUCTS_DIR)/Ninchat.app/Ninchat";
			};
			name = Debug;
		};
		179846D323624699008F8E0A /* Release */ = {
			isa = XCBuildConfiguration;
			baseConfigurationReference = A896706ACCEB58263D4F3A85 /* Pods-NinchatTests.release.xcconfig */;
			buildSettings = {
				ALWAYS_EMBED_SWIFT_STANDARD_LIBRARIES = YES;
				BUNDLE_LOADER = "$(TEST_HOST)";
				CLANG_ENABLE_MODULES = YES;
				CODE_SIGN_STYLE = Automatic;
				DEVELOPMENT_TEAM = M4M4845P22;
				INFOPLIST_FILE = NinchatTests/Info.plist;
				IPHONEOS_DEPLOYMENT_TARGET = 13.0;
				LD_RUNPATH_SEARCH_PATHS = (
					"$(inherited)",
					"@executable_path/Frameworks",
					"@loader_path/Frameworks",
				);
				PRODUCT_BUNDLE_IDENTIFIER = com.hassaniiii.NinchatTests;
				PRODUCT_NAME = "$(TARGET_NAME)";
				SWIFT_VERSION = 5.0;
				TARGETED_DEVICE_FAMILY = "1,2";
				TEST_HOST = "$(BUILT_PRODUCTS_DIR)/Ninchat.app/Ninchat";
			};
			name = Release;
		};
/* End XCBuildConfiguration section */

/* Begin XCConfigurationList section */
		179846AA23624693008F8E0A /* Build configuration list for PBXProject "Ninchat" */ = {
			isa = XCConfigurationList;
			buildConfigurations = (
				179846CC23624699008F8E0A /* Debug */,
				179846CD23624699008F8E0A /* Release */,
			);
			defaultConfigurationIsVisible = 0;
			defaultConfigurationName = Release;
		};
		179846CE23624699008F8E0A /* Build configuration list for PBXNativeTarget "Ninchat" */ = {
			isa = XCConfigurationList;
			buildConfigurations = (
				179846CF23624699008F8E0A /* Debug */,
				179846D023624699008F8E0A /* Release */,
			);
			defaultConfigurationIsVisible = 0;
			defaultConfigurationName = Release;
		};
		179846D123624699008F8E0A /* Build configuration list for PBXNativeTarget "NinchatTests" */ = {
			isa = XCConfigurationList;
			buildConfigurations = (
				179846D223624699008F8E0A /* Debug */,
				179846D323624699008F8E0A /* Release */,
			);
			defaultConfigurationIsVisible = 0;
			defaultConfigurationName = Release;
		};
/* End XCConfigurationList section */
	};
	rootObject = 179846A723624693008F8E0A /* Project object */;
}
